# Explicit compiler and static dependency closure for the pinned installer source.
@EXPLICIT
https://conda.anaconda.org/conda-forge/linux-64/_openmp_mutex-4.5-20_gnu.conda#1dd3fffd892081df9726d7eb7e0dea6198962ba775bd88842135a4ddb4deb3c9
https://conda.anaconda.org/conda-forge/linux-64/binutils-2.46.1-default_h4852527_102.conda#659c367ef49df7741749a2ad240b007d7df51b4f210505a78543deafb001e44c
https://conda.anaconda.org/conda-forge/linux-64/binutils_impl_linux-64-2.46.1-default_hfdba357_102.conda#fb7bf36984a37ce7e4714d1d1da0bd0e3bfc679520f5cdc184afc676fd4b5da2
https://conda.anaconda.org/conda-forge/linux-64/binutils_linux-64-2.46.1-default_h4852527_102.conda#08d7238663fc408ba2ab60b02fa3d06a7ca9d872962e03e90c7e0fdecb7ed1d0
https://conda.anaconda.org/conda-forge/linux-64/bzip2-1.0.8-hda65f42_10.conda#1a0d382c515ebf55f8ee1f38c8b81bc95af5c2acc42ad53b66bc5df932032f96
https://conda.anaconda.org/conda-forge/linux-64/c-ares-1.34.8-hebe6cf0_2.conda#9c37cc233238adf366ea75b0e845662a5be07ceadf62e458183516369340274b
https://conda.anaconda.org/conda-forge/linux-64/c-ares-static-1.34.8-h90bad22_2.conda#e9e883cd0e51fc8f46f0486abe291c24023bc868ef454514a70264df6d2b785e
https://conda.anaconda.org/conda-forge/linux-64/c-compiler-1.10.0-h2b85faf_0.conda#70be54bfe92b72794f664ad95b6fcef74d508710a9b2d790bc9c69f5a40239c3
https://conda.anaconda.org/conda-forge/noarch/ca-certificates-2026.7.22-hbd8a1cb_0.conda#0a0544cf95f64394fe4959286f5c71f5444ad58feb0602e53becb27448d24da6
https://conda.anaconda.org/conda-forge/linux-64/catch2-3.16.0-h4dbf13b_0.conda#2912874e38b635b89db9bbecb284f13ae449a6c3925a28a87f78b23e4730d767
https://conda.anaconda.org/conda-forge/linux-64/cli11-2.7.2-h54a6638_1.conda#0520c8c4c7746e80ec53972a363e74cfc10914e0026432b32eb2ddf19f7c7ae8
https://conda.anaconda.org/conda-forge/linux-64/cmake-4.4.3-hff7ac6b_0.conda#a6d21b5166cd7a44fa975e541f1abf851579a8ac3458e72e77125761da06c842
https://conda.anaconda.org/conda-forge/linux-64/cpp-expected-1.3.1-h171cf75_1.conda#6a905f317b93104444dc74875933a7cdf65fa14ae05dd6485ece6ffd9d0b5e89
https://conda.anaconda.org/conda-forge/linux-64/cxx-compiler-1.10.0-h1a2810e_0.conda#88ff4a72ad70a3b9a20a0296e395c0caaa6dc0a0e46a752aa683fb42be03facd
https://conda.anaconda.org/conda-forge/linux-64/fmt-12.1.0-h76c4fd7_1.conda#25d14a197601fdd616f2e501431b52887e69b31e7defbc1679381d718357ceb7
https://conda.anaconda.org/conda-forge/linux-64/gcc-13.4.0-hb7a6aa6_20.conda#0ef3a3f1e94afbea397c7a1600ccc0c0a21e3b1a224638a437e68e6c113dc250
https://conda.anaconda.org/conda-forge/linux-64/gcc_impl_linux-64-13.4.0-h649a46b_20.conda#7f9dbd59dcdf76e9a937b2f926f00627265b3b80c8a40f529f0f78846929d835
https://conda.anaconda.org/conda-forge/linux-64/gcc_linux-64-13.4.0-h5174b15_28.conda#4a6e12079dcff41b45b02a8af124afda58822eae9efedd6925080866c87a7d5c
https://conda.anaconda.org/conda-forge/linux-64/gxx-13.4.0-hd47ba16_20.conda#591366654bd03265973720703c29a9a970d03b0849aa374235f9047d6019ecde
https://conda.anaconda.org/conda-forge/linux-64/gxx_impl_linux-64-13.4.0-h5415f34_20.conda#688ef3ea82110a862b3b6be6175b087c698b54c542944fc8b7b92f2bffb82050
https://conda.anaconda.org/conda-forge/linux-64/gxx_linux-64-13.4.0-hb11295d_28.conda#ad5bb39b993b36d4bbeed3590b89233bc416b430ba53b92a2b1a24e3ab1bff60
https://conda.anaconda.org/conda-forge/linux-64/icu-78.3-py310h44b86e0_2.conda#9f07834f0c546ab14d885ce0366285f61f44e326c0edd1fc63b8294e113ae432
https://conda.anaconda.org/conda-forge/noarch/kernel-headers_linux-64-3.10.0-he073ed8_18.conda#a922841ad80bd7b222502e65c07ecb67e4176c4fa5b03678a005f39fcc98be4b
https://conda.anaconda.org/conda-forge/linux-64/keyutils-1.6.3-h7cc23a3_1.conda#dd053c96dcb0dcfd59422aefea9d2fe937a190167f34fba7893ec1e10a7e8963
https://conda.anaconda.org/conda-forge/linux-64/krb5-1.22.2-hbc21106_2.conda#2a5c38c85e63df84c4e69ee71439841ce570d259ae3060627bb9a49a938d66f4
https://conda.anaconda.org/conda-forge/linux-64/krb5-static-1.22.2-h8b5b50b_2.conda#a10756b88ee1cefa96483add5f069ce0a58b299667274a8326f7f7263b7e473c
https://conda.anaconda.org/conda-forge/linux-64/ld_impl_linux-64-2.46.1-default_hbd61a6d_102.conda#27d83f1188cd19bcb7754a078b3fa7f4cfb8527f8eb2fde54dd01fc529d1adec
https://conda.anaconda.org/conda-forge/linux-64/libarchive-minimal-static-3.8.9-lgpl_h1425579_1.conda#af8ff639f49754bf7a248e06ea6cf260a2ddef971869d40f3a0e0f1d46a982f6
https://conda.anaconda.org/conda-forge/linux-64/libcurl-8.22.0-ha042cf0_0.conda#483b7eb97f56fbb3a9cb7190d33012dfa0a5aaed99ede61465563cd97dd82504
https://conda.anaconda.org/conda-forge/linux-64/libcurl-static-8.22.0-hd62ca5b_0.conda#76b7c090283c96d359c8c5517d8b0921793e2db1767b9bbe9034320a4252b71d
https://conda.anaconda.org/conda-forge/linux-64/libedit-3.1.20250104-pl5321h373387f_1.conda#6473eb8caf2aae830f37caa93db9b26dddf7ac84b63229e8bf7fc0e5c3ab95b0
https://conda.anaconda.org/conda-forge/linux-64/libev-4.33-h280c20c_3.conda#e4418f68d01a6307c4431b585c71b584f40189877364e542ee87deb777f5e85b
https://conda.anaconda.org/conda-forge/linux-64/libev-static-4.33-hc998aef_3.conda#072e4e52ba3df9c0ac6d8a3fcc5697470b7755ae0f59bb53fedd5c8664997336
https://conda.anaconda.org/conda-forge/linux-64/libexpat-2.8.1-hecca717_1.conda#16feffd9ddbbe5b718515d38ee376c685ba95491cd901244e24671d20b952a77
https://conda.anaconda.org/conda-forge/linux-64/libffi-3.7.0-h81df57d_1.conda#c8c7583ef063bc3c430f1d48298e5ad24f796a35c22ed5b14183325825a61106
https://conda.anaconda.org/conda-forge/linux-64/libgcc-16.2.0-ha9f2e26_5.conda#33d1b5d57c5a55a474330c5ec41fe7001a5aa600d9639389e8ce5edafae216a4
https://conda.anaconda.org/conda-forge/noarch/libgcc-devel_linux-64-13.4.0-hd1d28cc_120.conda#46f98e05c26957fffbc9224e70fc16218e5bc3d432288b6baf7e89619d517030
https://conda.anaconda.org/conda-forge/linux-64/libgomp-16.2.0-he0feb66_5.conda#224a5a09e258a1a257089a9af310e9336e1d36834959718a9fab8679742dd822
https://conda.anaconda.org/conda-forge/linux-64/liblzma-5.8.3-hb03c661_1.conda#9787df8c22a59c9a70d3e5a10db9ad663485e75e9ccc3f09bd092cb7b95e0dab
https://conda.anaconda.org/conda-forge/linux-64/liblzma-devel-5.8.3-hb03c661_1.conda#adef6e8b60afb684110b06b5310977c6836e1c923ce3ec199f45c0f000b42f20
https://conda.anaconda.org/conda-forge/linux-64/liblzma-static-5.8.3-ha02ee65_1.conda#237563ec760527207b84338807e49e817ac53c3306e566aecaa4fd4a32530b56
https://conda.anaconda.org/conda-forge/linux-64/libmpdec-4.0.0-hb03c661_2.conda#46820b4a835e175940ae20bec00fdddaff804cda27a1408ab1b95e77a2196437
https://conda.anaconda.org/conda-forge/linux-64/libmsgpack-c-static-6.1.0-h54a6638_7.conda#6286ca3f17b37b959363aaf7bed335c1e3cab0661004af42b88a7e782d7767b7
https://conda.anaconda.org/conda-forge/linux-64/libnghttp2-1.68.1-h74cf4be_1.conda#11a2f54a6f391e25738bce0023e6ef499600147bbcf21c1fa69d2e251b03cc6a
https://conda.anaconda.org/conda-forge/linux-64/libnghttp2-static-1.68.1-h31a1ae3_1.conda#f23774e4407f6012ed9bfb175d0ab7ad4060f04b15aa7bcf5085fc8ad4068c0d
https://conda.anaconda.org/conda-forge/linux-64/libopenssl-static-3.6.4-h7cc23a3_0.conda#332bc0cbf22ce800dbff2498217941f387bfd1f8040439e575f23f1a81febfdb
https://conda.anaconda.org/conda-forge/linux-64/libpsl-0.23.1-hd9e3e90_1.conda#09e8effdc89bc5d021349318d32b85594f5b8d8e3ab8f90a85b81f8fe695a566
https://conda.anaconda.org/conda-forge/linux-64/libpsl-static-0.23.1-h794d926_1.conda#24e04ec92f30858622d7db66b7ad90c6e7b80f8fb78318e3a1cd84c30c9f7aab
https://conda.anaconda.org/conda-forge/linux-64/libpython-3.14.7-hdc7f604_106_cp314.conda#5f879892bd439c3d94f4a97b06c214b9a19c4b92f74d84f0305c6ca1b2b239b2
https://conda.anaconda.org/conda-forge/linux-64/libsanitizer-13.4.0-hf18ac3d_20.conda#bd710792a12dd3e15e74a331efc385384230b6b60d50ecbd2646fbc0be254658
https://conda.anaconda.org/conda-forge/linux-64/libsolv-0.7.39-h72ddc62_1.conda#c55a7242db95609b6f0b56b49ef2f5c1796060c0a221bbca3d61fbe19bf05add
https://conda.anaconda.org/conda-forge/linux-64/libsolv-static-0.7.39-h0091449_1.conda#4574ec63f46f1a71ddc9a13d0f27a2a66fe9bcd05ded3f10cb47d1b8f723ab80
https://conda.anaconda.org/conda-forge/linux-64/libsqlite-3.53.4-h13e7031_1.conda#f20d70da54e5b31dd4a51fb1efeaafafd5ab6dd8d7ac9d1438eaa2526ac4ed3d
https://conda.anaconda.org/conda-forge/linux-64/libssh2-1.11.1-h6154650_1.conda#7e463000fa1cba3f3a6597b776f6ab301d425a96e3bc20d0d9d76a3b9f237aa3
https://conda.anaconda.org/conda-forge/linux-64/libssh2-static-1.11.1-h6154650_1.conda#a6f147744b6e29bd141f9cc28d928f7204daf687bdfedea3c28efffc455bcf52
https://conda.anaconda.org/conda-forge/linux-64/libstdcxx-16.2.0-h934c35e_5.conda#38cadde30fad8f7c101f9eec79f60bf03fc99310c7195d23f8b30832516d666f
https://conda.anaconda.org/conda-forge/noarch/libstdcxx-devel_linux-64-13.4.0-h6963c3b_120.conda#c322903ff3c6330ad9a9da72b2b86503595fc072a7d90405021491168c21701c
https://conda.anaconda.org/conda-forge/linux-64/libuuid-2.42.3-hcfc3c73_0.conda#aa58bbba56644ffd062a4a9b358782c5eb7560ccead2ab8f7c5c6ede0a7d33a6
https://conda.anaconda.org/conda-forge/linux-64/libuv-1.52.1-h280c20c_1.conda#67761d0206f84140047a367eaf9befe03a7e157a29ee25aee0047b40801cc6b6
https://conda.anaconda.org/conda-forge/linux-64/libzlib-1.3.2-h25fd6f3_3.conda#eb8a0db0aa570124f7d2a93d7c7f596e3390df5e047818d873baad32985fc736
https://conda.anaconda.org/conda-forge/linux-64/lz4-c-1.10.0-hee9eb32_2.conda#b8c0e930183e6b7f83cd35ace102f2b8c2f0faae41dc05255dc72f247dfc556a
https://conda.anaconda.org/conda-forge/linux-64/lz4-c-static-1.10.0-h0ec3def_2.conda#29f00b3aff482aa1f9b17f6dd76ee2f6ca58517da6d53425f6afb407860cd2e1
https://conda.anaconda.org/conda-forge/linux-64/ncurses-6.6-hdb14827_1.conda#5d46557214ed184381dafe835b7c94a474a1c3b307a08a250b1ea4779b44ffb3
https://conda.anaconda.org/conda-forge/linux-64/ninja-1.13.2-h171cf75_1.conda#2b5f2e865122f9fc0637f520a7cb22e16b9727b2db6761ee16cb5e6404412c81
https://conda.anaconda.org/conda-forge/linux-64/nlohmann_json-3.12.0-h54a6638_2.conda#8f8b554c74b032b3e63a8828fb0ecc7ae4f5c5a6bd0afcf75423d5ff79290cb0
https://conda.anaconda.org/conda-forge/linux-64/openssl-3.6.4-h781a0a9_0.conda#4747b2d6a8336f52343bceb8a1ebf41a9e6e665b9d2e3f989972de53a310599e
https://conda.anaconda.org/conda-forge/noarch/pip-26.2.1-pyh145f28c_0.conda#0f7021cfb3ff454c91a5e28e1f5060906a52c6d1cde3f879a7d03ac33c28b1c3
https://conda.anaconda.org/conda-forge/linux-64/pkg-config-0.29.2-h1114479_1013.conda#8f27ee1b6166c5be505dba4b0dd0f3b3b81ddec811f6118cc337b90cbd3937a4
https://conda.anaconda.org/conda-forge/linux-64/python-3.14.7-hcd007b5_106_cp314.conda#4cd05407d6b07d00fd5b6cc78bd2f60ae5e21f777eb26ead82be2e3751c610a1
https://conda.anaconda.org/conda-forge/noarch/python_abi-3.14-9_cp314.conda#e7f8e965bbfb98e08feb2365cacdad8bb218fa5b5a0a2752f747287f425f213c
https://conda.anaconda.org/conda-forge/linux-64/readline-8.3-hd6e31c0_1.conda#01b3fe073a66e321970d09e04b388708f8cbdca5cdfbfcb7c9eeb470ad10383d
https://conda.anaconda.org/conda-forge/linux-64/reproc-cpp-static-14.2.8.post0-hdccfd0b_0.conda#01ee4b16954b9cbe9f0ca0430d1fd90e84eabbfaaf6021896066e4bc096f2c76
https://conda.anaconda.org/conda-forge/linux-64/reproc-static-14.2.8.post0-hee9eb32_0.conda#c1a1049fdc6d95caf38a019752df74a9f4434198147275d82e4227ec119c6435
https://conda.anaconda.org/conda-forge/linux-64/rhash-1.4.6-hb03c661_2.conda#186a5b225077ad5f4656966da947d43307101950751ef4a239b455588756b4e1
https://conda.anaconda.org/conda-forge/linux-64/simdjson-4.6.11-h4dbf13b_0.conda#e313740ff17c7912994225ad62c795ef0fdc19d7e6a08a4e6bff3e597205f79c
https://conda.anaconda.org/conda-forge/linux-64/simdjson-static-4.6.11-h371e4b1_0.conda#5f3cf38915922554f015f1bbb3c22cb9cffeac56cb36b24bdced4ef7c4d88a01
https://conda.anaconda.org/conda-forge/linux-64/spdlog-1.17.0-hb6aa676_2.conda#5fca627690d56c6f87a9dabafceee54cb75d7da392309bb080333948c048365a
https://conda.anaconda.org/conda-forge/noarch/sysroot_linux-64-2.17-h0157908_18.conda#69ab5804bdd2e8e493d5709eebff382a72fab3e9af6adf93a237ccf8f7dbd624
https://conda.anaconda.org/conda-forge/linux-64/tk-8.6.13-noxft_h1df4ec4_4.conda#a1a241d172c1ccab067ba245206dd048bc3c2d1b84504b53c9468e99adfc16a1
https://conda.anaconda.org/conda-forge/noarch/tzdata-2026c-h151e31d_0.conda#b928c30ddcb0e3f544c6eade8352737e6e610e263276b90232db6a578ef899d8
https://conda.anaconda.org/conda-forge/linux-64/xz-static-5.8.3-ha02ee65_1.conda#330f8a532b7114fa62d73ef3844077f6ed007443cfde6cb176ac515ca42e6a85
https://conda.anaconda.org/conda-forge/linux-64/yaml-cpp-static-0.8.0-h54a6638_1.conda#2a9a2710bc8ac5ab6b259fcb5bad7cd80dec6e8c8691ada3b68f46c196d35645
https://conda.anaconda.org/conda-forge/linux-64/zlib-1.3.2-h25fd6f3_3.conda#16080a1c7724f7d25727cdc23c7658e0cec2db52448c1dc0c33467ee2c6e1c62
https://conda.anaconda.org/conda-forge/linux-64/zstd-1.5.7-hb78ec9c_7.conda#47d682b9f6d6ec9eb1a6e6c3e75ea6273e899e78fb7fc59f81d39745009fbc60
https://conda.anaconda.org/conda-forge/linux-64/zstd-static-1.5.7-hb72f32e_7.conda#62e9e4b9274c2c7028e0bcdf80c254ee95499d4860e7c13d8926485d03b0d27b
